
Microsoft Visual Studio Solution File, Format Version 12.00
# Visual Studio Version 16
VisualStudioVersion = 16.0.31605.320
MinimumVisualStudioVersion = 10.0.40219.1
Project("{FAE04EC0-301F-11D3-BF4B-00C04F79EFBC}") = "Metalurgica", "Metalurgica.csproj", "{2EF0E951-7FAD-4869-8EE4-7A3E7FD5229D}"
EndProject
Global
	GlobalSection(SolutionConfigurationPlatforms) = preSolution
		Debug|Any CPU = Debug|Any CPU
		Release|Any CPU = Release|Any CPU
	EndGlobalSection
	GlobalSection(ProjectConfigurationPlatforms) = postSolution
		{2EF0E951-7FAD-4869-8EE4-7A3E7FD5229D}.Debug|Any CPU.ActiveCfg = Debug|Any CPU
		{2EF0E951-7FAD-4869-8EE4-7A3E7FD5229D}.Debug|Any CPU.Build.0 = Debug|Any CPU
		{2EF0E951-7FAD-4869-8EE4-7A3E7FD5229D}.Release|Any CPU.ActiveCfg = Release|Any CPU
		{2EF0E951-7FAD-4869-8EE4-7A3E7FD5229D}.Release|Any CPU.Build.0 = Release|Any CPU
	EndGlobalSection
	GlobalSection(SolutionProperties) = preSolution
		HideSolutionNode = FALSE
	EndGlobalSection
	GlobalSection(ExtensibilityGlobals) = postSolution
		SolutionGuid = {C417E1EE-A095-4ECC-900A-B608BC9958E0}
	EndGlobalSection
EndGlobal
